// !$*UTF8*$!
{
	archiveVersion = 1;
	classes = {
	};
	objectVersion = 46;
	objects = {

/* Begin PBXBuildFile section */
		84698ACC1DCA7FB0008B47C1 /* AppDelegate.swift in Sources */ = {isa = PBXBuildFile; fileRef = 84698ACB1DCA7FB0008B47C1 /* AppDelegate.swift */; };
		84698ACE1DCA7FB0008B47C1 /* ViewController.swift in Sources */ = {isa = PBXBuildFile; fileRef = 84698ACD1DCA7FB0008B47C1 /* ViewController.swift */; };
		84698AD11DCA7FB0008B47C1 /* Main.storyboard in Resources */ = {isa = PBXBuildFile; fileRef = 84698ACF1DCA7FB0008B47C1 /* Main.storyboard */; };
		84698AD31DCA7FB0008B47C1 /* Assets.xcassets in Resources */ = {isa = PBXBuildFile; fileRef = 84698AD21DCA7FB0008B47C1 /* Assets.xcassets */; };
		84698AD61DCA7FB0008B47C1 /* LaunchScreen.storyboard in Resources */ = {isa = PBXBuildFile; fileRef = 84698AD41DCA7FB0008B47C1 /* LaunchScreen.storyboard */; };
		84698AE11DCA7FB0008B47C1 /* PitchPerfectTests.swift in Sources */ = {isa = PBXBuildFile; fileRef = 84698AE01DCA7FB0008B47C1 /* PitchPerfectTests.swift */; };
		84698AEC1DCA7FB0008B47C1 /* PitchPerfectUITests.swift in Sources */ = {isa = PBXBuildFile; fileRef = 84698AEB1DCA7FB0008B47C1 /* PitchPerfectUITests.swift */; };
/* End PBXBuildFile section */

/* Begin PBXContainerItemProxy section */
		84698ADD1DCA7FB0008B47C1 /* PBXContainerItemProxy */ = {
			isa = PBXContainerItemProxy;
			containerPortal = 84698AC01DCA7FB0008B47C1 /* Project object */;
			proxyType = 1;
			remoteGlobalIDString = 84698AC71DCA7FB0008B47C1;
			remoteInfo = PitchPerfect;
		};
		84698AE81DCA7FB0008B47C1 /* PBXContainerItemProxy */ = {
			isa = PBXContainerItemProxy;
			containerPortal = 84698AC01DCA7FB0008B47C1 /* Project object */;
			proxyType = 1;
			remoteGlobalIDString = 84698AC71DCA7FB0008B47C1;
			remoteInfo = PitchPerfect;
		};
/* End PBXContainerItemProxy section */

/* Begin PBXFileReference section */
		84698AC81DCA7FB0008B47C1 /* PitchPerfect.app */ = {isa = PBXFileReference; explicitFileType = wrapper.application; includeInIndex = 0; path = PitchPerfect.app; sourceTree = BUILT_PRODUCTS_DIR; };
		84698ACB1DCA7FB0008B47C1 /* AppDelegate.swift */ = {isa = PBXFileReference; lastKnownFileType = sourcecode.swift; path = AppDelegate.swift; sourceTree = "<group>"; };
		84698ACD1DCA7FB0008B47C1 /* ViewController.swift */ = {isa = PBXFileReference; lastKnownFileType = sourcecode.swift; path = ViewController.swift; sourceTree = "<group>"; };
		84698AD01DCA7FB0008B47C1 /* Base */ = {isa = PBXFileReference; lastKnownFileType = file.storyboard; name = Base; path = Base.lproj/Main.storyboard; sourceTree = "<group>"; };
		84698AD21DCA7FB0008B47C1 /* Assets.xcassets */ = {isa = PBXFileReference; lastKnownFileType = folder.assetcatalog; path = Assets.xcassets; sourceTree = "<group>"; };
		84698AD51DCA7FB0008B47C1 /* Base */ = {isa = PBXFileReference; lastKnownFileType = file.storyboard; name = Base; path = Base.lproj/LaunchScreen.storyboard; sourceTree = "<group>"; };
		84698AD71DCA7FB0008B47C1 /* Info.plist */ = {isa = PBXFileReference; lastKnownFileType = text.plist.xml; path = Info.plist; sourceTree = "<group>"; };
		84698ADC1DCA7FB0008B47C1 /* PitchPerfectTests.xctest */ = {isa = PBXFileReference; explicitFileType = wrapper.cfbundle; includeInIndex = 0; path = PitchPerfectTests.xctest; sourceTree = BUILT_PRODUCTS_DIR; };
		84698AE01DCA7FB0008B47C1 /* PitchPerfectTests.swift */ = {isa = PBXFileReference; lastKnownFileType = sourcecode.swift; path = PitchPerfectTests.swift; sourceTree = "<group>"; };
		84698AE21DCA7FB0008B47C1 /* Info.plist */ = {isa = PBXFileReference; lastKnownFileType = text.plist.xml; path = Info.plist; sourceTree = "<group>"; };
		84698AE71DCA7FB0008B47C1 /* PitchPerfectUITests.xctest */ = {isa = PBXFileReference; explicitFileType = wrapper.cfbundle; includeInIndex = 0; path = PitchPerfectUITests.xctest; sourceTree = BUILT_PRODUCTS_DIR; };
		84698AEB1DCA7FB0008B47C1 /* PitchPerfectUITests.swift */ = {isa = PBXFileReference; lastKnownFileType = sourcecode.swift; path = PitchPerfectUITests.swift; sourceTree = "<group>"; };
		84698AED1DCA7FB0008B47C1 /* Info.plist */ = {isa = PBXFileReference; lastKnownFileType = text.plist.xml; path = Info.plist; sourceTree = "<group>"; };
/* End PBXFileReference section */

/* Begin PBXFrameworksBuildPhase section */
		84698AC51DCA7FB0008B47C1 /* Frameworks */ = {
			isa = PBXFrameworksBuildPhase;
			buildActionMask = 2147483647;
			files = (
			);
			runOnlyForDeploymentPostprocessing = 0;
		};
		84698AD91DCA7FB0008B47C1 /* Frameworks */ = {
			isa = PBXFrameworksBuildPhase;
			buildActionMask = 2147483647;
			files = (
			);
			runOnlyForDeploymentPostprocessing = 0;
		};
		84698AE41DCA7FB0008B47C1 /* Frameworks */ = {
			isa = PBXFrameworksBuildPhase;
			buildActionMask = 2147483647;
			files = (
			);
			runOnlyForDeploymentPostprocessing = 0;
		};
/* End PBXFrameworksBuildPhase section */

/* Begin PBXGroup section */
		84698ABF1DCA7FB0008B47C1 = {
			isa = PBXGroup;
			children = (
				84698ACA1DCA7FB0008B47C1 /* PitchPerfect */,
				84698ADF1DCA7FB0008B47C1 /* PitchPerfectTests */,
				84698AEA1DCA7FB0008B47C1 /* PitchPerfectUITests */,
				84698AC91DCA7FB0008B47C1 /* Products */,
			);
			sourceTree = "<group>";
		};
		84698AC91DCA7FB0008B47C1 /* Products */ = {
			isa = PBXGroup;
			children = (
				84698AC81DCA7FB0008B47C1 /* PitchPerfect.app */,
				84698ADC1DCA7FB0008B47C1 /* PitchPerfectTests.xctest */,
				84698AE71DCA7FB0008B47C1 /* PitchPerfectUITests.xctest */,
			);
			name = Products;
			sourceTree = "<group>";
		};
		84698ACA1DCA7FB0008B47C1 /* PitchPerfect */ = {
			isa = PBXGroup;
			children = (
				84698ACB1DCA7FB0008B47C1 /* AppDelegate.swift */,
				84698ACD1DCA7FB0008B47C1 /* ViewController.swift */,
				84698ACF1DCA7FB0008B47C1 /* Main.storyboard */,
				84698AD21DCA7FB0008B47C1 /* Assets.xcassets */,
				84698AD41DCA7FB0008B47C1 /* LaunchScreen.storyboard */,
				84698AD71DCA7FB0008B47C1 /* Info.plist */,
			);
			path = PitchPerfect;
			sourceTree = "<group>";
		};
		84698ADF1DCA7FB0008B47C1 /* PitchPerfectTests */ = {
			isa = PBXGroup;
			children = (
				84698AE01DCA7FB0008B47C1 /* PitchPerfectTests.swift */,
				84698AE21DCA7FB0008B47C1 /* Info.plist */,
			);
			path = PitchPerfectTests;
			sourceTree = "<group>";
		};
		84698AEA1DCA7FB0008B47C1 /* PitchPerfectUITests */ = {
			isa = PBXGroup;
			children = (
				84698AEB1DCA7FB0008B47C1 /* PitchPerfectUITests.swift */,
				84698AED1DCA7FB0008B47C1 /* Info.plist */,
			);
			path = PitchPerfectUITests;
			sourceTree = "<group>";
		};
/* End PBXGroup section */

/* Begin PBXNativeTarget section */
		84698AC71DCA7FB0008B47C1 /* PitchPerfect */ = {
			isa = PBXNativeTarget;
			buildConfigurationList = 84698AF01DCA7FB0008B47C1 /* Build configuration list for PBXNativeTarget "PitchPerfect" */;
			buildPhases = (
				84698AC41DCA7FB0008B47C1 /* Sources */,
				84698AC51DCA7FB0008B47C1 /* Frameworks */,
				84698AC61DCA7FB0008B47C1 /* Resources */,
			);
			buildRules = (
			);
			dependencies = (
			);
			name = PitchPerfect;
			productName = PitchPerfect;
			productReference = 84698AC81DCA7FB0008B47C1 /* PitchPerfect.app */;
			productType = "com.apple.product-type.application";
		};
		84698ADB1DCA7FB0008B47C1 /* PitchPerfectTests */ = {
			isa = PBXNativeTarget;
			buildConfigurationList = 84698AF31DCA7FB0008B47C1 /* Build configuration list for PBXNativeTarget "PitchPerfectTests" */;
			buildPhases = (
				84698AD81DCA7FB0008B47C1 /* Sources */,
				84698AD91DCA7FB0008B47C1 /* Frameworks */,
				84698ADA1DCA7FB0008B47C1 /* Resources */,
			);
			buildRules = (
			);
			dependencies = (
				84698ADE1DCA7FB0008B47C1 /* PBXTargetDependency */,
			);
			name = PitchPerfectTests;
			productName = PitchPerfectTests;
			productReference = 84698ADC1DCA7FB0008B47C1 /* PitchPerfectTests.xctest */;
			productType = "com.apple.product-type.bundle.unit-test";
		};
		84698AE61DCA7FB0008B47C1 /* PitchPerfectUITests */ = {
			isa = PBXNativeTarget;
			buildConfigurationList = 84698AF61DCA7FB0008B47C1 /* Build configuration list for PBXNativeTarget "PitchPerfectUITests" */;
			buildPhases = (
				84698AE31DCA7FB0008B47C1 /* Sources */,
				84698AE41DCA7FB0008B47C1 /* Frameworks */,
				84698AE51DCA7FB0008B47C1 /* Resources */,
			);
			buildRules = (
			);
			dependencies = (
				84698AE91DCA7FB0008B47C1 /* PBXTargetDependency */,
			);
			name = PitchPerfectUITests;
			productName = PitchPerfectUITests;
			productReference = 84698AE71DCA7FB0008B47C1 /* PitchPerfectUITests.xctest */;
			productType = "com.apple.product-type.bundle.ui-testing";
		};
/* End PBXNativeTarget section */

/* Begin PBXProject section */
		84698AC01DCA7FB0008B47C1 /* Project object */ = {
			isa = PBXProject;
			attributes = {
				LastSwiftUpdateCheck = 0730;
				LastUpgradeCheck = 0730;
				ORGANIZATIONNAME = PengQueenie;
				TargetAttributes = {
					84698AC71DCA7FB0008B47C1 = {
						CreatedOnToolsVersion = 7.3;
					};
					84698ADB1DCA7FB0008B47C1 = {
						CreatedOnToolsVersion = 7.3;
						TestTargetID = 84698AC71DCA7FB0008B47C1;
					};
					84698AE61DCA7FB0008B47C1 = {
						CreatedOnToolsVersion = 7.3;
						TestTargetID = 84698AC71DCA7FB0008B47C1;
					};
				};
			};
			buildConfigurationList = 84698AC31DCA7FB0008B47C1 /* Build configuration list for PBXProject "PitchPerfect" */;
			compatibilityVersion = "Xcode 3.2";
			developmentRegion = English;
			hasScannedForEncodings = 0;
			knownRegions = (
				en,
				Base,
			);
			mainGroup = 84698ABF1DCA7FB0008B47C1;
			productRefGroup = 84698AC91DCA7FB0008B47C1 /* Products */;
			projectDirPath = "";
			projectRoot = "";
			targets = (
				84698AC71DCA7FB0008B47C1 /* PitchPerfect */,
				84698ADB1DCA7FB0008B47C1 /* PitchPerfectTests */,
				84698AE61DCA7FB0008B47C1 /* PitchPerfectUITests */,
			);
		};
/* End PBXProject section */

/* Begin PBXResourcesBuildPhase section */
		84698AC61DCA7FB0008B47C1 /* Resources */ = {
			isa = PBXResourcesBuildPhase;
			buildActionMask = 2147483647;
			files = (
				84698AD61DCA7FB0008B47C1 /* LaunchScreen.storyboard in Resources */,
				84698AD31DCA7FB0008B47C1 /* Assets.xcassets in Resources */,
				84698AD11DCA7FB0008B47C1 /* Main.storyboard in Resources */,
			);
			runOnlyForDeploymentPostprocessing = 0;
		};
		84698ADA1DCA7FB0008B47C1 /* Resources */ = {
			isa = PBXResourcesBuildPhase;
			buildActionMask = 2147483647;
			files = (
			);
			runOnlyForDeploymentPostprocessing = 0;
		};
		84698AE51DCA7FB0008B47C1 /* Resources */ = {
			isa = PBXResourcesBuildPhase;
			buildActionMask = 2147483647;
			files = (
			);
			runOnlyForDeploymentPostprocessing = 0;
		};
/* End PBXResourcesBuildPhase section */

/* Begin PBXSourcesBuildPhase section */
		84698AC41DCA7FB0008B47C1 /* Sources */ = {
			isa = PBXSourcesBuildPhase;
			buildActionMask = 2147483647;
			files = (
				84698ACE1DCA7FB0008B47C1 /* ViewController.swift in Sources */,
				84698ACC1DCA7FB0008B47C1 /* AppDelegate.swift in Sources */,
			);
			runOnlyForDeploymentPostprocessing = 0;
		};
		84698AD81DCA7FB0008B47C1 /* Sources */ = {
			isa = PBXSourcesBuildPhase;
			buildActionMask = 2147483647;
			files = (
				84698AE11DCA7FB0008B47C1 /* PitchPerfectTests.swift in Sources */,
			);
			runOnlyForDeploymentPostprocessing = 0;
		};
		84698AE31DCA7FB0008B47C1 /* Sources */ = {
			isa = PBXSourcesBuildPhase;
			buildActionMask = 2147483647;
			files = (
				84698AEC1DCA7FB0008B47C1 /* PitchPerfectUITests.swift in Sources */,
			);
			runOnlyForDeploymentPostprocessing = 0;
		};
/* End PBXSourcesBuildPhase section */

/* Begin PBXTargetDependency section */
		84698ADE1DCA7FB0008B47C1 /* PBXTargetDependency */ = {
			isa = PBXTargetDependency;
			target = 84698AC71DCA7FB0008B47C1 /* PitchPerfect */;
			targetProxy = 84698ADD1DCA7FB0008B47C1 /* PBXContainerItemProxy */;
		};
		84698AE91DCA7FB0008B47C1 /* PBXTargetDependency */ = {
			isa = PBXTargetDependency;
			target = 84698AC71DCA7FB0008B47C1 /* PitchPerfect */;
			targetProxy = 84698AE81DCA7FB0008B47C1 /* PBXContainerItemProxy */;
		};
/* End PBXTargetDependency section */

/* Begin PBXVariantGroup section */
		84698ACF1DCA7FB0008B47C1 /* Main.storyboard */ = {
			isa = PBXVariantGroup;
			children = (
				84698AD01DCA7FB0008B47C1 /* Base */,
			);
			name = Main.storyboard;
			sourceTree = "<group>";
		};
		84698AD41DCA7FB0008B47C1 /* LaunchScreen.storyboard */ = {
			isa = PBXVariantGroup;
			children = (
				84698AD51DCA7FB0008B47C1 /* Base */,
			);
			name = LaunchScreen.storyboard;
			sourceTree = "<group>";
		};
/* End PBXVariantGroup section */

/* Begin XCBuildConfiguration section */
		84698AEE1DCA7FB0008B47C1 /* Debug */ = {
			isa = XCBuildConfiguration;
			buildSettings = {
				ALWAYS_SEARCH_USER_PATHS = NO;
				CLANG_ANALYZER_NONNULL = YES;
				CLANG_CXX_LANGUAGE_STANDARD = "gnu++0x";
				CLANG_CXX_LIBRARY = "libc++";
				CLANG_ENABLE_MODULES = YES;
				CLANG_ENABLE_OBJC_ARC = YES;
				CLANG_WARN_BOOL_CONVERSION = YES;
				CLANG_WARN_CONSTANT_CONVERSION = YES;
				CLANG_WARN_DIRECT_OBJC_ISA_USAGE = YES_ERROR;
				CLANG_WARN_EMPTY_BODY = YES;
				CLANG_WARN_ENUM_CONVERSION = YES;
				CLANG_WARN_INT_CONVERSION = YES;
				CLANG_WARN_OBJC_ROOT_CLASS = YES_ERROR;
				CLANG_WARN_UNREACHABLE_CODE = YES;
				CLANG_WARN__DUPLICATE_METHOD_MATCH = YES;
				"CODE_SIGN_IDENTITY[sdk=iphoneos*]" = "iPhone Developer";
				COPY_PHASE_STRIP = NO;
				DEBUG_INFORMATION_FORMAT = dwarf;
				ENABLE_STRICT_OBJC_MSGSEND = YES;
				ENABLE_TESTABILITY = YES;
				GCC_C_LANGUAGE_STANDARD = gnu99;
				GCC_DYNAMIC_NO_PIC = NO;
				GCC_NO_COMMON_BLOCKS = YES;
				GCC_OPTIMIZATION_LEVEL = 0;
				GCC_PREPROCESSOR_DEFINITIONS = (
					"DEBUG=1",
					"$(inherited)",
				);
				GCC_WARN_64_TO_32_BIT_CONVERSION = YES;
				GCC_WARN_ABOUT_RETURN_TYPE = YES_ERROR;
				GCC_WARN_UNDECLARED_SELECTOR = YES;
				GCC_WARN_UNINITIALIZED_AUTOS = YES_AGGRESSIVE;
				GCC_WARN_UNUSED_FUNCTION = YES;
				GCC_WARN_UNUSED_VARIABLE = YES;
				IPHONEOS_DEPLOYMENT_TARGET = 9.3;
				MTL_ENABLE_DEBUG_INFO = YES;
				ONLY_ACTIVE_ARCH = YES;
				SDKROOT = iphoneos;
				SWIFT_OPTIMIZATION_LEVEL = "-Onone";
				TARGETED_DEVICE_FAMILY = "1,2";
			};
			name = Debug;
		};
		84698AEF1DCA7FB0008B47C1 /* Release */ = {
			isa = XCBuildConfiguration;
			buildSettings = {
				ALWAYS_SEARCH_USER_PATHS = NO;
				CLANG_ANALYZER_NONNULL = YES;
				CLANG_CXX_LANGUAGE_STANDARD = "gnu++0x";
				CLANG_CXX_LIBRARY = "libc++";
				CLANG_ENABLE_MODULES = YES;
				CLANG_ENABLE_OBJC_ARC = YES;
				CLANG_WARN_BOOL_CONVERSION = YES;
				CLANG_WARN_CONSTANT_CONVERSION = YES;
				CLANG_WARN_DIRECT_OBJC_ISA_USAGE = YES_ERROR;
				CLANG_WARN_EMPTY_BODY = YES;
				CLANG_WARN_ENUM_CONVERSION = YES;
				CLANG_WARN_INT_CONVERSION = YES;
				CLANG_WARN_OBJC_ROOT_CLASS = YES_ERROR;
				CLANG_WARN_UNREACHABLE_CODE = YES;
				CLANG_WARN__DUPLICATE_METHOD_MATCH = YES;
				"CODE_SIGN_IDENTITY[sdk=iphoneos*]" = "iPhone Developer";
				COPY_PHASE_STRIP = NO;
				DEBUG_INFORMATION_FORMAT = "dwarf-with-dsym";
				ENABLE_NS_ASSERTIONS = NO;
				ENABLE_STRICT_OBJC_MSGSEND = YES;
				GCC_C_LANGUAGE_STANDARD = gnu99;
				GCC_NO_COMMON_BLOCKS = YES;
				GCC_WARN_64_TO_32_BIT_CONVERSION = YES;
				GCC_WARN_ABOUT_RETURN_TYPE = YES_ERROR;
				GCC_WARN_UNDECLARED_SELECTOR = YES;
				GCC_WARN_UNINITIALIZED_AUTOS = YES_AGGRESSIVE;
				GCC_WARN_UNUSED_FUNCTION = YES;
				GCC_WARN_UNUSED_VARIABLE = YES;
				IPHONEOS_DEPLOYMENT_TARGET = 9.3;
				MTL_ENABLE_DEBUG_INFO = NO;
				SDKROOT = iphoneos;
				TARGETED_DEVICE_FAMILY = "1,2";
				VALIDATE_PRODUCT = YES;
			};
			name = Release;
		};
		84698AF11DCA7FB0008B47C1 /* Debug */ = {
			isa = XCBuildConfiguration;
			buildSettings = {
				ASSETCATALOG_COMPILER_APPICON_NAME = AppIcon;
				INFOPLIST_FILE = PitchPerfect/Info.plist;
				LD_RUNPATH_SEARCH_PATHS = "$(inherited) @executable_path/Frameworks";
				PRODUCT_BUNDLE_IDENTIFIER = com.queeniepeng.com.PitchPerfect;
				PRODUCT_NAME = "$(TARGET_NAME)";
			};
			name = Debug;
		};
		84698AF21DCA7FB0008B47C1 /* Release */ = {
			isa = XCBuildConfiguration;
			buildSettings = {
				ASSETCATALOG_COMPILER_APPICON_NAME = AppIcon;
				INFOPLIST_FILE = PitchPerfect/Info.plist;
				LD_RUNPATH_SEARCH_PATHS = "$(inherited) @executable_path/Frameworks";
				PRODUCT_BUNDLE_IDENTIFIER = com.queeniepeng.com.PitchPerfect;
				PRODUCT_NAME = "$(TARGET_NAME)";
			};
			name = Release;
		};
		84698AF41DCA7FB0008B47C1 /* Debug */ = {
			isa = XCBuildConfiguration;
			buildSettings = {
				BUNDLE_LOADER = "$(TEST_HOST)";
				INFOPLIST_FILE = PitchPerfectTests/Info.plist;
				LD_RUNPATH_SEARCH_PATHS = "$(inherited) @executable_path/Frameworks @loader_path/Frameworks";
				PRODUCT_BUNDLE_IDENTIFIER = com.queeniepeng.com.PitchPerfectTests;
				PRODUCT_NAME = "$(TARGET_NAME)";
				TEST_HOST = "$(BUILT_PRODUCTS_DIR)/PitchPerfect.app/PitchPerfect";
			};
			name = Debug;
		};
		84698AF51DCA7FB0008B47C1 /* Release */ = {
			isa = XCBuildConfiguration;
			buildSettings = {
				BUNDLE_LOADER = "$(TEST_HOST)";
				INFOPLIST_FILE = PitchPerfectTests/Info.plist;
				LD_RUNPATH_SEARCH_PATHS = "$(inherited) @executable_path/Frameworks @loader_path/Frameworks";
				PRODUCT_BUNDLE_IDENTIFIER = com.queeniepeng.com.PitchPerfectTests;
				PRODUCT_NAME = "$(TARGET_NAME)";
				TEST_HOST = "$(BUILT_PRODUCTS_DIR)/PitchPerfect.app/PitchPerfect";
			};
			name = Release;
		};
		84698AF71DCA7FB0008B47C1 /* Debug */ = {
			isa = XCBuildConfiguration;
			buildSettings = {
				INFOPLIST_FILE = PitchPerfectUITests/Info.plist;
				LD_RUNPATH_SEARCH_PATHS = "$(inherited) @executable_path/Frameworks @loader_path/Frameworks";
				PRODUCT_BUNDLE_IDENTIFIER = com.queeniepeng.com.PitchPerfectUITests;
				PRODUCT_NAME = "$(TARGET_NAME)";
				TEST_TARGET_NAME = PitchPerfect;
			};
			name = Debug;
		};
		84698AF81DCA7FB0008B47C1 /* Release */ = {
			isa = XCBuildConfiguration;
			buildSettings = {
				INFOPLIST_FILE = PitchPerfectUITests/Info.plist;
				LD_RUNPATH_SEARCH_PATHS = "$(inherited) @executable_path/Frameworks @loader_path/Frameworks";
				PRODUCT_BUNDLE_IDENTIFIER = com.queeniepeng.com.PitchPerfectUITests;
				PRODUCT_NAME = "$(TARGET_NAME)";
				TEST_TARGET_NAME = PitchPerfect;
			};
			name = Release;
		};
/* End XCBuildConfiguration section */

/* Begin XCConfigurationList section */
		84698AC31DCA7FB0008B47C1 /* Build configuration list for PBXProject "PitchPerfect" */ = {
			isa = XCConfigurationList;
			buildConfigurations = (
				84698AEE1DCA7FB0008B47C1 /* Debug */,
				84698AEF1DCA7FB0008B47C1 /* Release */,
			);
			defaultConfigurationIsVisible = 0;
			defaultConfigurationName = Release;
		};
		84698AF01DCA7FB0008B47C1 /* Build configuration list for PBXNativeTarget "PitchPerfect" */ = {
			isa = XCConfigurationList;
			buildConfigurations = (
				84698AF11DCA7FB0008B47C1 /* Debug */,
				84698AF21DCA7FB0008B47C1 /* Release */,
			);
			defaultConfigurationIsVisible = 0;
		};
		84698AF31DCA7FB0008B47C1 /* Build configuration list for PBXNativeTarget "PitchPerfectTests" */ = {
			isa = XCConfigurationList;
			buildConfigurations = (
				84698AF41DCA7FB0008B47C1 /* Debug */,
				84698AF51DCA7FB0008B47C1 /* Release */,
			);
			defaultConfigurationIsVisible = 0;
		};
		84698AF61DCA7FB0008B47C1 /* Build configuration list for PBXNativeTarget "PitchPerfectUITests" */ = {
			isa = XCConfigurationList;
			buildConfigurations = (
				84698AF71DCA7FB0008B47C1 /* Debug */,
				84698AF81DCA7FB0008B47C1 /* Release */,
			);
			defaultConfigurationIsVisible = 0;
		};
/* End XCConfigurationList section */
	};
	rootObject = 84698AC01DCA7FB0008B47C1 /* Project object */;
}
